
Microsoft Visual Studio Solution File, Format Version 12.00
# Visual Studio Version 17
VisualStudioVersion = 17.9.34728.123
MinimumVisualStudioVersion = 10.0.40219.1
Project("{FAE04EC0-301F-11D3-BF4B-00C04F79EFBC}") = "MvcWebApplication", "MvcWebApplication\MvcWebApplication.csproj", "{76A74C89-F9AB-434A-B79B-D78054167781}"
EndProject
Global
	GlobalSection(SolutionConfigurationPlatforms) = preSolution
		Debug|Any CPU = Debug|Any CPU
		Release|Any CPU = Release|Any CPU
	EndGlobalSection
	GlobalSection(ProjectConfigurationPlatforms) = postSolution
		{76A74C89-F9AB-434A-B79B-D78054167781}.Debug|Any CPU.ActiveCfg = Debug|Any CPU
		{76A74C89-F9AB-434A-B79B-D78054167781}.Debug|Any CPU.Build.0 = Debug|Any CPU
		{76A74C89-F9AB-434A-B79B-D78054167781}.Release|Any CPU.ActiveCfg = Release|Any CPU
		{76A74C89-F9AB-434A-B79B-D78054167781}.Release|Any CPU.Build.0 = Release|Any CPU
	EndGlobalSection
	GlobalSection(SolutionProperties) = preSolution
		HideSolutionNode = FALSE
	EndGlobalSection
	GlobalSection(ExtensibilityGlobals) = postSolution
		SolutionGuid = {07D65680-B282-432A-B0A5-ACF2F5479538}
	EndGlobalSection
EndGlobal
